
Microsoft Visual Studio Solution File, Format Version 12.00
# Visual Studio 15
VisualStudioVersion = 15.0.28307.645
MinimumVisualStudioVersion = 10.0.40219.1
Project("{FAE04EC0-301F-11D3-BF4B-00C04F79EFBC}") = "LukesWall", "LukesWall.csproj", "{30CCB032-3E22-427D-9494-A0FC677D47CD}"
EndProject
Project("{FAE04EC0-301F-11D3-BF4B-00C04F79EFBC}") = "ArcEngine", "..\ArcEngine\ArcEngine.csproj", "{607E6274-E22A-47F2-B908-6B26229C9038}"
EndProject
Global
	GlobalSection(SolutionConfigurationPlatforms) = preSolution
		Debug|Any CPU = Debug|Any CPU
		Debug|x86 = Debug|x86
		Release|Any CPU = Release|Any CPU
		Release|x86 = Release|x86
	EndGlobalSection
	GlobalSection(ProjectConfigurationPlatforms) = postSolution
		{30CCB032-3E22-427D-9494-A0FC677D47CD}.Debug|Any CPU.ActiveCfg = Debug|x86
		{30CCB032-3E22-427D-9494-A0FC677D47CD}.Debug|Any CPU.Build.0 = Debug|x86
		{30CCB032-3E22-427D-9494-A0FC677D47CD}.Debug|x86.ActiveCfg = Debug|x86
		{30CCB032-3E22-427D-9494-A0FC677D47CD}.Debug|x86.Build.0 = Debug|x86
		{30CCB032-3E22-427D-9494-A0FC677D47CD}.Release|Any CPU.ActiveCfg = Release|x86
		{30CCB032-3E22-427D-9494-A0FC677D47CD}.Release|x86.ActiveCfg = Release|x86
		{30CCB032-3E22-427D-9494-A0FC677D47CD}.Release|x86.Build.0 = Release|x86
		{607E6274-E22A-47F2-B908-6B26229C9038}.Debug|Any CPU.ActiveCfg = Debug|Any CPU
		{607E6274-E22A-47F2-B908-6B26229C9038}.Debug|Any CPU.Build.0 = Debug|Any CPU
		{607E6274-E22A-47F2-B908-6B26229C9038}.Debug|x86.ActiveCfg = Debug|Any CPU
		{607E6274-E22A-47F2-B908-6B26229C9038}.Debug|x86.Build.0 = Debug|Any CPU
		{607E6274-E22A-47F2-B908-6B26229C9038}.Release|Any CPU.ActiveCfg = Release|Any CPU
		{607E6274-E22A-47F2-B908-6B26229C9038}.Release|Any CPU.Build.0 = Release|Any CPU
		{607E6274-E22A-47F2-B908-6B26229C9038}.Release|x86.ActiveCfg = Release|Any CPU
		{607E6274-E22A-47F2-B908-6B26229C9038}.Release|x86.Build.0 = Release|Any CPU
	EndGlobalSection
	GlobalSection(SolutionProperties) = preSolution
		HideSolutionNode = FALSE
	EndGlobalSection
	GlobalSection(ExtensibilityGlobals) = postSolution
		SolutionGuid = {A4FE3A3F-F4BA-4BB8-8176-C252D947ED95}
	EndGlobalSection
EndGlobal
